// !$*UTF8*$!
{
	archiveVersion = 1;
	classes = {
	};
	objectVersion = 51;
	objects = {

/* Begin PBXBuildFile section */
		4005D3C040DDCC441DF32575 /* Pods_uBlacklist_for_Safari_Extension.framework in Frameworks */ = {isa = PBXBuildFile; fileRef = FC6AC36F034770504C97FEEA /* Pods_uBlacklist_for_Safari_Extension.framework */; };
		6A29DB8E25A5B4E0004C85C8 /* AppDelegate.swift in Sources */ = {isa = PBXBuildFile; fileRef = 6A29DB8D25A5B4E0004C85C8 /* AppDelegate.swift */; };
		6A29DB9125A5B4E0004C85C8 /* Main.storyboard in Resources */ = {isa = PBXBuildFile; fileRef = 6A29DB8F25A5B4E0004C85C8 /* Main.storyboard */; };
		6A29DB9325A5B4E0004C85C8 /* ViewController.swift in Sources */ = {isa = PBXBuildFile; fileRef = 6A29DB9225A5B4E0004C85C8 /* ViewController.swift */; };
		6A29DB9525A5B4E1004C85C8 /* Assets.xcassets in Resources */ = {isa = PBXBuildFile; fileRef = 6A29DB9425A5B4E1004C85C8 /* Assets.xcassets */; };
		6A29DB9C25A5B4E1004C85C8 /* uBlacklist for Safari Extension.appex in Embed App Extensions */ = {isa = PBXBuildFile; fileRef = 6A29DB9B25A5B4E1004C85C8 /* uBlacklist for Safari Extension.appex */; settings = {ATTRIBUTES = (RemoveHeadersOnCopy, ); }; };
		6A29DBA125A5B4E1004C85C8 /* Cocoa.framework in Frameworks */ = {isa = PBXBuildFile; fileRef = 6A29DBA025A5B4E1004C85C8 /* Cocoa.framework */; };
		6A29DBA425A5B4E1004C85C8 /* SafariWebExtensionHandler.swift in Sources */ = {isa = PBXBuildFile; fileRef = 6A29DBA325A5B4E1004C85C8 /* SafariWebExtensionHandler.swift */; };
		6A37E8AF25C408EE0036D085 /* StepItemView.swift in Sources */ = {isa = PBXBuildFile; fileRef = 6A37E8AE25C408EE0036D085 /* StepItemView.swift */; };
		6A49755625CA55F600BF8E57 /* Localizable.strings in Resources */ = {isa = PBXBuildFile; fileRef = 6A49755825CA55F600BF8E57 /* Localizable.strings */; };
		6A7DF38725A6E9A400EAC19B /* Constants.swift in Sources */ = {isa = PBXBuildFile; fileRef = 6A7DF38625A6E9A400EAC19B /* Constants.swift */; };
		6A7DF38D25A728B400EAC19B /* NSColor+Helper.swift in Sources */ = {isa = PBXBuildFile; fileRef = 6A7DF38C25A728B400EAC19B /* NSColor+Helper.swift */; };
		6A7DF39F25A7F64B00EAC19B /* AboutViewController.swift in Sources */ = {isa = PBXBuildFile; fileRef = 6A7DF39E25A7F64B00EAC19B /* AboutViewController.swift */; };
		6A7DF3C425A8570B00EAC19B /* other-licence.html in Resources */ = {isa = PBXBuildFile; fileRef = 6A7DF3C325A8570B00EAC19B /* other-licence.html */; };
		6A7DF3CA25A8637C00EAC19B /* licence.html in Resources */ = {isa = PBXBuildFile; fileRef = 6A7DF3C925A8637C00EAC19B /* licence.html */; };
		6A9E797725C3BD4D002477CB /* licenses.txt in Resources */ = {isa = PBXBuildFile; fileRef = 6A9E797125C3BD4D002477CB /* licenses.txt */; };
		6A9E797825C3BD4D002477CB /* icons in Resources */ = {isa = PBXBuildFile; fileRef = 6A9E797225C3BD4D002477CB /* icons */; };
		6A9E797925C3BD4D002477CB /* manifest.json in Resources */ = {isa = PBXBuildFile; fileRef = 6A9E797325C3BD4D002477CB /* manifest.json */; };
		6A9E797A25C3BD4D002477CB /* _locales in Resources */ = {isa = PBXBuildFile; fileRef = 6A9E797425C3BD4D002477CB /* _locales */; };
		6A9E797B25C3BD4D002477CB /* pages in Resources */ = {isa = PBXBuildFile; fileRef = 6A9E797525C3BD4D002477CB /* pages */; };
		6A9E797C25C3BD4D002477CB /* scripts in Resources */ = {isa = PBXBuildFile; fileRef = 6A9E797625C3BD4D002477CB /* scripts */; };
		6A9E798125C3BDAA002477CB /* MainViewController.swift in Sources */ = {isa = PBXBuildFile; fileRef = 6A9E798025C3BDAA002477CB /* MainViewController.swift */; };
		6A9E798825C3C2B4002477CB /* Helper.swift in Sources */ = {isa = PBXBuildFile; fileRef = 6A9E798725C3C2B4002477CB /* Helper.swift */; };
		6AAADBFD25A6C5C300EFFEF3 /* MainWindowController.swift in Sources */ = {isa = PBXBuildFile; fileRef = 6AAADBFC25A6C5C300EFFEF3 /* MainWindowController.swift */; };
		6AD94C1525CBE7AC0082D100 /* PreviewViewController.swift in Sources */ = {isa = PBXBuildFile; fileRef = 6AD94C1425CBE7AC0082D100 /* PreviewViewController.swift */; };
		6AD94C1A25CBE89E0082D100 /* grant-permission-guide.gif in Resources */ = {isa = PBXBuildFile; fileRef = 6AD94C1925CBE89E0082D100 /* grant-permission-guide.gif */; };
		6AD94C2625CBFDEE0082D100 /* TopBar.swift in Sources */ = {isa = PBXBuildFile; fileRef = 6AD94C2525CBFDEE0082D100 /* TopBar.swift */; };
		6AE6479525CD0188005076E1 /* InfoViewController.swift in Sources */ = {isa = PBXBuildFile; fileRef = 6AE6479425CD0188005076E1 /* InfoViewController.swift */; };
		6AE6479925CD026C005076E1 /* TableViewCell.swift in Sources */ = {isa = PBXBuildFile; fileRef = 6AE6479825CD026C005076E1 /* TableViewCell.swift */; };
		CBA6A5D1F0516A2AC18DAEC6 /* Pods_uBlacklist_for_Safari.framework in Frameworks */ = {isa = PBXBuildFile; fileRef = 13C3609D5DD26B73222D7796 /* Pods_uBlacklist_for_Safari.framework */; };
/* End PBXBuildFile section */

/* Begin PBXContainerItemProxy section */
		6A29DB9D25A5B4E1004C85C8 /* PBXContainerItemProxy */ = {
			isa = PBXContainerItemProxy;
			containerPortal = 6A29DB8125A5B4E0004C85C8 /* Project object */;
			proxyType = 1;
			remoteGlobalIDString = 6A29DB9A25A5B4E1004C85C8;
			remoteInfo = "uBlacklist for Safari Extension";
		};
/* End PBXContainerItemProxy section */

/* Begin PBXCopyFilesBuildPhase section */
		6A29DBAC25A5B4E1004C85C8 /* Embed App Extensions */ = {
			isa = PBXCopyFilesBuildPhase;
			buildActionMask = 2147483647;
			dstPath = "";
			dstSubfolderSpec = 13;
			files = (
				6A29DB9C25A5B4E1004C85C8 /* uBlacklist for Safari Extension.appex in Embed App Extensions */,
			);
			name = "Embed App Extensions";
			runOnlyForDeploymentPostprocessing = 0;
		};
/* End PBXCopyFilesBuildPhase section */

/* Begin PBXFileReference section */
		13C3609D5DD26B73222D7796 /* Pods_uBlacklist_for_Safari.framework */ = {isa = PBXFileReference; explicitFileType = wrapper.framework; includeInIndex = 0; path = Pods_uBlacklist_for_Safari.framework; sourceTree = BUILT_PRODUCTS_DIR; };
		4EEF433F931D92A24ABAF33D /* Pods-uBlacklist for Safari.release.xcconfig */ = {isa = PBXFileReference; includeInIndex = 1; lastKnownFileType = text.xcconfig; name = "Pods-uBlacklist for Safari.release.xcconfig"; path = "Target Support Files/Pods-uBlacklist for Safari/Pods-uBlacklist for Safari.release.xcconfig"; sourceTree = "<group>"; };
		56912DD879FC97121B678C13 /* Pods-uBlacklist for Safari Extension.debug.xcconfig */ = {isa = PBXFileReference; includeInIndex = 1; lastKnownFileType = text.xcconfig; name = "Pods-uBlacklist for Safari Extension.debug.xcconfig"; path = "Target Support Files/Pods-uBlacklist for Safari Extension/Pods-uBlacklist for Safari Extension.debug.xcconfig"; sourceTree = "<group>"; };
		6272CE86263DEC457C9CE733 /* Pods-uBlacklist for Safari.debug.xcconfig */ = {isa = PBXFileReference; includeInIndex = 1; lastKnownFileType = text.xcconfig; name = "Pods-uBlacklist for Safari.debug.xcconfig"; path = "Target Support Files/Pods-uBlacklist for Safari/Pods-uBlacklist for Safari.debug.xcconfig"; sourceTree = "<group>"; };
		6A29DB8925A5B4E0004C85C8 /* uBlacklist for Safari.app */ = {isa = PBXFileReference; explicitFileType = wrapper.application; includeInIndex = 0; path = "uBlacklist for Safari.app"; sourceTree = BUILT_PRODUCTS_DIR; };
		6A29DB8C25A5B4E0004C85C8 /* uBlacklist_for_Safari.entitlements */ = {isa = PBXFileReference; lastKnownFileType = text.plist.entitlements; path = uBlacklist_for_Safari.entitlements; sourceTree = "<group>"; };
		6A29DB8D25A5B4E0004C85C8 /* AppDelegate.swift */ = {isa = PBXFileReference; lastKnownFileType = sourcecode.swift; path = AppDelegate.swift; sourceTree = "<group>"; };
		6A29DB9025A5B4E0004C85C8 /* Base */ = {isa = PBXFileReference; lastKnownFileType = file.storyboard; name = Base; path = Base.lproj/Main.storyboard; sourceTree = "<group>"; };
		6A29DB9225A5B4E0004C85C8 /* ViewController.swift */ = {isa = PBXFileReference; lastKnownFileType = sourcecode.swift; path = ViewController.swift; sourceTree = "<group>"; };
		6A29DB9425A5B4E1004C85C8 /* Assets.xcassets */ = {isa = PBXFileReference; lastKnownFileType = folder.assetcatalog; path = Assets.xcassets; sourceTree = "<group>"; };
		6A29DB9625A5B4E1004C85C8 /* Info.plist */ = {isa = PBXFileReference; lastKnownFileType = text.plist.xml; path = Info.plist; sourceTree = "<group>"; };
		6A29DB9B25A5B4E1004C85C8 /* uBlacklist for Safari Extension.appex */ = {isa = PBXFileReference; explicitFileType = "wrapper.app-extension"; includeInIndex = 0; path = "uBlacklist for Safari Extension.appex"; sourceTree = BUILT_PRODUCTS_DIR; };
		6A29DBA025A5B4E1004C85C8 /* Cocoa.framework */ = {isa = PBXFileReference; lastKnownFileType = wrapper.framework; name = Cocoa.framework; path = System/Library/Frameworks/Cocoa.framework; sourceTree = SDKROOT; };
		6A29DBA325A5B4E1004C85C8 /* SafariWebExtensionHandler.swift */ = {isa = PBXFileReference; lastKnownFileType = sourcecode.swift; path = SafariWebExtensionHandler.swift; sourceTree = "<group>"; };
		6A29DBA525A5B4E1004C85C8 /* Info.plist */ = {isa = PBXFileReference; lastKnownFileType = text.plist.xml; path = Info.plist; sourceTree = "<group>"; };
		6A29DBA625A5B4E1004C85C8 /* uBlacklist_for_Safari_Extension.entitlements */ = {isa = PBXFileReference; lastKnownFileType = text.plist.entitlements; path = uBlacklist_for_Safari_Extension.entitlements; sourceTree = "<group>"; };
		6A37E8AE25C408EE0036D085 /* StepItemView.swift */ = {isa = PBXFileReference; lastKnownFileType = sourcecode.swift; path = StepItemView.swift; sourceTree = "<group>"; };
		6A49754F25CA53E900BF8E57 /* zh-Hans */ = {isa = PBXFileReference; lastKnownFileType = text.plist.strings; name = "zh-Hans"; path = "zh-Hans.lproj/Main.strings"; sourceTree = "<group>"; };
		6A49755725CA55F600BF8E57 /* en */ = {isa = PBXFileReference; lastKnownFileType = text.plist.strings; name = en; path = en.lproj/Localizable.strings; sourceTree = "<group>"; };
		6A49755B25CA55FC00BF8E57 /* zh-Hans */ = {isa = PBXFileReference; lastKnownFileType = text.plist.strings; name = "zh-Hans"; path = "zh-Hans.lproj/Localizable.strings"; sourceTree = "<group>"; };
		6A7DF38625A6E9A400EAC19B /* Constants.swift */ = {isa = PBXFileReference; lastKnownFileType = sourcecode.swift; path = Constants.swift; sourceTree = "<group>"; };
		6A7DF38C25A728B400EAC19B /* NSColor+Helper.swift */ = {isa = PBXFileReference; lastKnownFileType = sourcecode.swift; path = "NSColor+Helper.swift"; sourceTree = "<group>"; };
		6A7DF39E25A7F64B00EAC19B /* AboutViewController.swift */ = {isa = PBXFileReference; lastKnownFileType = sourcecode.swift; path = AboutViewController.swift; sourceTree = "<group>"; };
		6A7DF3C325A8570B00EAC19B /* other-licence.html */ = {isa = PBXFileReference; fileEncoding = 4; lastKnownFileType = text.html; path = "other-licence.html"; sourceTree = "<group>"; };
		6A7DF3C925A8637C00EAC19B /* licence.html */ = {isa = PBXFileReference; fileEncoding = 4; lastKnownFileType = text.html; path = licence.html; sourceTree = "<group>"; };
		6A9E797125C3BD4D002477CB /* licenses.txt */ = {isa = PBXFileReference; fileEncoding = 4; lastKnownFileType = text; name = licenses.txt; path = ../../dist/safari/production/licenses.txt; sourceTree = "<group>"; };
		6A9E797225C3BD4D002477CB /* icons */ = {isa = PBXFileReference; lastKnownFileType = folder; name = icons; path = ../../dist/safari/production/icons; sourceTree = "<group>"; };
		6A9E797325C3BD4D002477CB /* manifest.json */ = {isa = PBXFileReference; fileEncoding = 4; lastKnownFileType = text.json; name = manifest.json; path = ../../dist/safari/production/manifest.json; sourceTree = "<group>"; };
		6A9E797425C3BD4D002477CB /* _locales */ = {isa = PBXFileReference; lastKnownFileType = folder; name = _locales; path = ../../dist/safari/production/_locales; sourceTree = "<group>"; };
		6A9E797525C3BD4D002477CB /* pages */ = {isa = PBXFileReference; lastKnownFileType = folder; name = pages; path = ../../dist/safari/production/pages; sourceTree = "<group>"; };
		6A9E797625C3BD4D002477CB /* scripts */ = {isa = PBXFileReference; lastKnownFileType = folder; name = scripts; path = ../../dist/safari/production/scripts; sourceTree = "<group>"; };
		6A9E798025C3BDAA002477CB /* MainViewController.swift */ = {isa = PBXFileReference; lastKnownFileType = sourcecode.swift; path = MainViewController.swift; sourceTree = "<group>"; };
		6A9E798725C3C2B4002477CB /* Helper.swift */ = {isa = PBXFileReference; lastKnownFileType = sourcecode.swift; path = Helper.swift; sourceTree = "<group>"; };
		6AAADBFC25A6C5C300EFFEF3 /* MainWindowController.swift */ = {isa = PBXFileReference; lastKnownFileType = sourcecode.swift; path = MainWindowController.swift; sourceTree = "<group>"; };
		6AD94C1425CBE7AC0082D100 /* PreviewViewController.swift */ = {isa = PBXFileReference; lastKnownFileType = sourcecode.swift; path = PreviewViewController.swift; sourceTree = "<group>"; };
		6AD94C1925CBE89E0082D100 /* grant-permission-guide.gif */ = {isa = PBXFileReference; lastKnownFileType = image.gif; path = "grant-permission-guide.gif"; sourceTree = "<group>"; };
		6AD94C2525CBFDEE0082D100 /* TopBar.swift */ = {isa = PBXFileReference; lastKnownFileType = sourcecode.swift; path = TopBar.swift; sourceTree = "<group>"; };
		6AE6479425CD0188005076E1 /* InfoViewController.swift */ = {isa = PBXFileReference; lastKnownFileType = sourcecode.swift; path = InfoViewController.swift; sourceTree = "<group>"; };
		6AE6479825CD026C005076E1 /* TableViewCell.swift */ = {isa = PBXFileReference; lastKnownFileType = sourcecode.swift; path = TableViewCell.swift; sourceTree = "<group>"; };
		A35293988A9C61B942402EE6 /* Pods-uBlacklist for Safari Extension.release.xcconfig */ = {isa = PBXFileReference; includeInIndex = 1; lastKnownFileType = text.xcconfig; name = "Pods-uBlacklist for Safari Extension.release.xcconfig"; path = "Target Support Files/Pods-uBlacklist for Safari Extension/Pods-uBlacklist for Safari Extension.release.xcconfig"; sourceTree = "<group>"; };
		FC6AC36F034770504C97FEEA /* Pods_uBlacklist_for_Safari_Extension.framework */ = {isa = PBXFileReference; explicitFileType = wrapper.framework; includeInIndex = 0; path = Pods_uBlacklist_for_Safari_Extension.framework; sourceTree = BUILT_PRODUCTS_DIR; };
/* End PBXFileReference section */

/* Begin PBXFrameworksBuildPhase section */
		6A29DB8625A5B4E0004C85C8 /* Frameworks */ = {
			isa = PBXFrameworksBuildPhase;
			buildActionMask = 2147483647;
			files = (
				CBA6A5D1F0516A2AC18DAEC6 /* Pods_uBlacklist_for_Safari.framework in Frameworks */,
			);
			runOnlyForDeploymentPostprocessing = 0;
		};
		6A29DB9825A5B4E1004C85C8 /* Frameworks */ = {
			isa = PBXFrameworksBuildPhase;
			buildActionMask = 2147483647;
			files = (
				6A29DBA125A5B4E1004C85C8 /* Cocoa.framework in Frameworks */,
				4005D3C040DDCC441DF32575 /* Pods_uBlacklist_for_Safari_Extension.framework in Frameworks */,
			);
			runOnlyForDeploymentPostprocessing = 0;
		};
/* End PBXFrameworksBuildPhase section */

/* Begin PBXGroup section */
		6A29DB8025A5B4E0004C85C8 = {
			isa = PBXGroup;
			children = (
				6A29DB8B25A5B4E0004C85C8 /* uBlacklist for Safari */,
				6A29DBA225A5B4E1004C85C8 /* uBlacklist for Safari Extension */,
				6A29DB9F25A5B4E1004C85C8 /* Frameworks */,
				6A29DB8A25A5B4E0004C85C8 /* Products */,
				D045DCC3957EFB112A300DDC /* Pods */,
			);
			sourceTree = "<group>";
		};
		6A29DB8A25A5B4E0004C85C8 /* Products */ = {
			isa = PBXGroup;
			children = (
				6A29DB8925A5B4E0004C85C8 /* uBlacklist for Safari.app */,
				6A29DB9B25A5B4E1004C85C8 /* uBlacklist for Safari Extension.appex */,
			);
			name = Products;
			sourceTree = "<group>";
		};
		6A29DB8B25A5B4E0004C85C8 /* uBlacklist for Safari */ = {
			isa = PBXGroup;
			children = (
				6AD94C2325CBFDA60082D100 /* Modules */,
				6A9E798625C3C295002477CB /* Common */,
				6A7DF3C225A856FC00EAC19B /* Resource */,
				6A29DB8D25A5B4E0004C85C8 /* AppDelegate.swift */,
				6A29DB8F25A5B4E0004C85C8 /* Main.storyboard */,
				6A29DB9225A5B4E0004C85C8 /* ViewController.swift */,
				6A7DF39E25A7F64B00EAC19B /* AboutViewController.swift */,
				6A29DB9425A5B4E1004C85C8 /* Assets.xcassets */,
				6A29DB9625A5B4E1004C85C8 /* Info.plist */,
				6A29DB8C25A5B4E0004C85C8 /* uBlacklist_for_Safari.entitlements */,
			);
			path = "uBlacklist for Safari";
			sourceTree = "<group>";
		};
		6A29DB9F25A5B4E1004C85C8 /* Frameworks */ = {
			isa = PBXGroup;
			children = (
				6A29DBA025A5B4E1004C85C8 /* Cocoa.framework */,
				13C3609D5DD26B73222D7796 /* Pods_uBlacklist_for_Safari.framework */,
				FC6AC36F034770504C97FEEA /* Pods_uBlacklist_for_Safari_Extension.framework */,
			);
			name = Frameworks;
			sourceTree = "<group>";
		};
		6A29DBA225A5B4E1004C85C8 /* uBlacklist for Safari Extension */ = {
			isa = PBXGroup;
			children = (
				6A29DBB025A5B4E1004C85C8 /* Resources */,
				6A29DBA325A5B4E1004C85C8 /* SafariWebExtensionHandler.swift */,
				6A29DBA525A5B4E1004C85C8 /* Info.plist */,
				6A29DBA625A5B4E1004C85C8 /* uBlacklist_for_Safari_Extension.entitlements */,
			);
			path = "uBlacklist for Safari Extension";
			sourceTree = "<group>";
		};
		6A29DBB025A5B4E1004C85C8 /* Resources */ = {
			isa = PBXGroup;
			children = (
				6A9E797425C3BD4D002477CB /* _locales */,
				6A9E797225C3BD4D002477CB /* icons */,
				6A9E797125C3BD4D002477CB /* licenses.txt */,
				6A9E797325C3BD4D002477CB /* manifest.json */,
				6A9E797525C3BD4D002477CB /* pages */,
				6A9E797625C3BD4D002477CB /* scripts */,
			);
			name = Resources;
			path = "uBlacklist for Safari Extension";
			sourceTree = SOURCE_ROOT;
		};
		6A7DF3C225A856FC00EAC19B /* Resource */ = {
			isa = PBXGroup;
			children = (
				6AD94C2025CBFD100082D100 /* Licences */,
				6AD94C1825CBE86B0082D100 /* Images */,
				6A49755825CA55F600BF8E57 /* Localizable.strings */,
			);
			path = Resource;
			sourceTree = "<group>";
		};
		6A9E797F25C3BD9C002477CB /* Main */ = {
			isa = PBXGroup;
			children = (
				6AAADBFC25A6C5C300EFFEF3 /* MainWindowController.swift */,
				6A9E798025C3BDAA002477CB /* MainViewController.swift */,
				6A37E8AE25C408EE0036D085 /* StepItemView.swift */,
			);
			path = Main;
			sourceTree = "<group>";
		};
		6A9E798625C3C295002477CB /* Common */ = {
			isa = PBXGroup;
			children = (
				6AD94C2425CBFDC30082D100 /* Utils */,
				6AD94C1F25CBFCE80082D100 /* Views */,
			);
			path = Common;
			sourceTree = "<group>";
		};
		6AD94C1325CBE79B0082D100 /* Preview */ = {
			isa = PBXGroup;
			children = (
				6AD94C1425CBE7AC0082D100 /* PreviewViewController.swift */,
			);
			path = Preview;
			sourceTree = "<group>";
		};
		6AD94C1825CBE86B0082D100 /* Images */ = {
			isa = PBXGroup;
			children = (
				6AD94C1925CBE89E0082D100 /* grant-permission-guide.gif */,
			);
			path = Images;
			sourceTree = "<group>";
		};
		6AD94C1F25CBFCE80082D100 /* Views */ = {
			isa = PBXGroup;
			children = (
				6AD94C2525CBFDEE0082D100 /* TopBar.swift */,
			);
			path = Views;
			sourceTree = "<group>";
		};
		6AD94C2025CBFD100082D100 /* Licences */ = {
			isa = PBXGroup;
			children = (
				6A7DF3C925A8637C00EAC19B /* licence.html */,
				6A7DF3C325A8570B00EAC19B /* other-licence.html */,
			);
			path = Licences;
			sourceTree = "<group>";
		};
		6AD94C2325CBFDA60082D100 /* Modules */ = {
			isa = PBXGroup;
			children = (
				6AE6479325CD0175005076E1 /* Info */,
				6AD94C1325CBE79B0082D100 /* Preview */,
				6A9E797F25C3BD9C002477CB /* Main */,
			);
			path = Modules;
			sourceTree = "<group>";
		};
		6AD94C2425CBFDC30082D100 /* Utils */ = {
			isa = PBXGroup;
			children = (
				6A7DF38C25A728B400EAC19B /* NSColor+Helper.swift */,
				6A7DF38625A6E9A400EAC19B /* Constants.swift */,
				6A9E798725C3C2B4002477CB /* Helper.swift */,
			);
			path = Utils;
			sourceTree = "<group>";
		};
		6AE6479325CD0175005076E1 /* Info */ = {
			isa = PBXGroup;
			children = (
				6AE6479425CD0188005076E1 /* InfoViewController.swift */,
				6AE6479825CD026C005076E1 /* TableViewCell.swift */,
			);
			path = Info;
			sourceTree = "<group>";
		};
		D045DCC3957EFB112A300DDC /* Pods */ = {
			isa = PBXGroup;
			children = (
				6272CE86263DEC457C9CE733 /* Pods-uBlacklist for Safari.debug.xcconfig */,
				4EEF433F931D92A24ABAF33D /* Pods-uBlacklist for Safari.release.xcconfig */,
				56912DD879FC97121B678C13 /* Pods-uBlacklist for Safari Extension.debug.xcconfig */,
				A35293988A9C61B942402EE6 /* Pods-uBlacklist for Safari Extension.release.xcconfig */,
			);
			path = Pods;
			sourceTree = "<group>";
		};
/* End PBXGroup section */

/* Begin PBXNativeTarget section */
		6A29DB8825A5B4E0004C85C8 /* uBlacklist for Safari */ = {
			isa = PBXNativeTarget;
			buildConfigurationList = 6A29DBAD25A5B4E1004C85C8 /* Build configuration list for PBXNativeTarget "uBlacklist for Safari" */;
			buildPhases = (
				21845CA40D6A1B4A8A1DF7C2 /* [CP] Check Pods Manifest.lock */,
				6A29DB8525A5B4E0004C85C8 /* Sources */,
				6A29DB8625A5B4E0004C85C8 /* Frameworks */,
				6A29DB8725A5B4E0004C85C8 /* Resources */,
				6A29DBAC25A5B4E1004C85C8 /* Embed App Extensions */,
				D6EA45221701A33F9700BEE6 /* [CP] Embed Pods Frameworks */,
			);
			buildRules = (
			);
			dependencies = (
				6A29DB9E25A5B4E1004C85C8 /* PBXTargetDependency */,
			);
			name = "uBlacklist for Safari";
			productName = "uBlacklist for Safari";
			productReference = 6A29DB8925A5B4E0004C85C8 /* uBlacklist for Safari.app */;
			productType = "com.apple.product-type.application";
		};
		6A29DB9A25A5B4E1004C85C8 /* uBlacklist for Safari Extension */ = {
			isa = PBXNativeTarget;
			buildConfigurationList = 6A29DBA925A5B4E1004C85C8 /* Build configuration list for PBXNativeTarget "uBlacklist for Safari Extension" */;
			buildPhases = (
				3D2D19463BC5581357A239C9 /* [CP] Check Pods Manifest.lock */,
				6A29DB9725A5B4E1004C85C8 /* Sources */,
				6A29DB9825A5B4E1004C85C8 /* Frameworks */,
				6A29DB9925A5B4E1004C85C8 /* Resources */,
			);
			buildRules = (
			);
			dependencies = (
			);
			name = "uBlacklist for Safari Extension";
			productName = "uBlacklist for Safari Extension";
			productReference = 6A29DB9B25A5B4E1004C85C8 /* uBlacklist for Safari Extension.appex */;
			productType = "com.apple.product-type.app-extension";
		};
/* End PBXNativeTarget section */

/* Begin PBXProject section */
		6A29DB8125A5B4E0004C85C8 /* Project object */ = {
			isa = PBXProject;
			attributes = {
				LastSwiftUpdateCheck = 1230;
				LastUpgradeCheck = 1230;
				TargetAttributes = {
					6A29DB8825A5B4E0004C85C8 = {
						CreatedOnToolsVersion = 12.3;
					};
					6A29DB9A25A5B4E1004C85C8 = {
						CreatedOnToolsVersion = 12.3;
					};
				};
			};
			buildConfigurationList = 6A29DB8425A5B4E0004C85C8 /* Build configuration list for PBXProject "uBlacklist for Safari" */;
			compatibilityVersion = "Xcode 9.3";
			developmentRegion = en;
			hasScannedForEncodings = 0;
			knownRegions = (
				en,
				Base,
				"zh-Hans",
			);
			mainGroup = 6A29DB8025A5B4E0004C85C8;
			productRefGroup = 6A29DB8A25A5B4E0004C85C8 /* Products */;
			projectDirPath = "";
			projectRoot = "";
			targets = (
				6A29DB8825A5B4E0004C85C8 /* uBlacklist for Safari */,
				6A29DB9A25A5B4E1004C85C8 /* uBlacklist for Safari Extension */,
			);
		};
/* End PBXProject section */

/* Begin PBXResourcesBuildPhase section */
		6A29DB8725A5B4E0004C85C8 /* Resources */ = {
			isa = PBXResourcesBuildPhase;
			buildActionMask = 2147483647;
			files = (
				6A49755625CA55F600BF8E57 /* Localizable.strings in Resources */,
				6AD94C1A25CBE89E0082D100 /* grant-permission-guide.gif in Resources */,
				6A29DB9525A5B4E1004C85C8 /* Assets.xcassets in Resources */,
				6A29DB9125A5B4E0004C85C8 /* Main.storyboard in Resources */,
				6A7DF3CA25A8637C00EAC19B /* licence.html in Resources */,
				6A7DF3C425A8570B00EAC19B /* other-licence.html in Resources */,
			);
			runOnlyForDeploymentPostprocessing = 0;
		};
		6A29DB9925A5B4E1004C85C8 /* Resources */ = {
			isa = PBXResourcesBuildPhase;
			buildActionMask = 2147483647;
			files = (
				6A9E797725C3BD4D002477CB /* licenses.txt in Resources */,
				6A9E797B25C3BD4D002477CB /* pages in Resources */,
				6A9E797925C3BD4D002477CB /* manifest.json in Resources */,
				6A9E797C25C3BD4D002477CB /* scripts in Resources */,
				6A9E797A25C3BD4D002477CB /* _locales in Resources */,
				6A9E797825C3BD4D002477CB /* icons in Resources */,
			);
			runOnlyForDeploymentPostprocessing = 0;
		};
/* End PBXResourcesBuildPhase section */

/* Begin PBXShellScriptBuildPhase section */
		21845CA40D6A1B4A8A1DF7C2 /* [CP] Check Pods Manifest.lock */ = {
			isa = PBXShellScriptBuildPhase;
			buildActionMask = 2147483647;
			files = (
			);
			inputFileListPaths = (
			);
			inputPaths = (
				"${PODS_PODFILE_DIR_PATH}/Podfile.lock",
				"${PODS_ROOT}/Manifest.lock",
			);
			name = "[CP] Check Pods Manifest.lock";
			outputFileListPaths = (
			);
			outputPaths = (
				"$(DERIVED_FILE_DIR)/Pods-uBlacklist for Safari-checkManifestLockResult.txt",
			);
			runOnlyForDeploymentPostprocessing = 0;
			shellPath = /bin/sh;
			shellScript = "diff \"${PODS_PODFILE_DIR_PATH}/Podfile.lock\" \"${PODS_ROOT}/Manifest.lock\" > /dev/null\nif [ $? != 0 ] ; then\n    # print error to STDERR\n    echo \"error: The sandbox is not in sync with the Podfile.lock. Run 'pod install' or update your CocoaPods installation.\" >&2\n    exit 1\nfi\n# This output is used by Xcode 'outputs' to avoid re-running this script phase.\necho \"SUCCESS\" > \"${SCRIPT_OUTPUT_FILE_0}\"\n";
			showEnvVarsInLog = 0;
		};
		3D2D19463BC5581357A239C9 /* [CP] Check Pods Manifest.lock */ = {
			isa = PBXShellScriptBuildPhase;
			buildActionMask = 2147483647;
			files = (
			);
			inputFileListPaths = (
			);
			inputPaths = (
				"${PODS_PODFILE_DIR_PATH}/Podfile.lock",
				"${PODS_ROOT}/Manifest.lock",
			);
			name = "[CP] Check Pods Manifest.lock";
			outputFileListPaths = (
			);
			outputPaths = (
				"$(DERIVED_FILE_DIR)/Pods-uBlacklist for Safari Extension-checkManifestLockResult.txt",
			);
			runOnlyForDeploymentPostprocessing = 0;
			shellPath = /bin/sh;
			shellScript = "diff \"${PODS_PODFILE_DIR_PATH}/Podfile.lock\" \"${PODS_ROOT}/Manifest.lock\" > /dev/null\nif [ $? != 0 ] ; then\n    # print error to STDERR\n    echo \"error: The sandbox is not in sync with the Podfile.lock. Run 'pod install' or update your CocoaPods installation.\" >&2\n    exit 1\nfi\n# This output is used by Xcode 'outputs' to avoid re-running this script phase.\necho \"SUCCESS\" > \"${SCRIPT_OUTPUT_FILE_0}\"\n";
			showEnvVarsInLog = 0;
		};
		D6EA45221701A33F9700BEE6 /* [CP] Embed Pods Frameworks */ = {
			isa = PBXShellScriptBuildPhase;
			buildActionMask = 2147483647;
			files = (
			);
			inputFileListPaths = (
				"${PODS_ROOT}/Target Support Files/Pods-uBlacklist for Safari/Pods-uBlacklist for Safari-frameworks-${CONFIGURATION}-input-files.xcfilelist",
			);
			name = "[CP] Embed Pods Frameworks";
			outputFileListPaths = (
				"${PODS_ROOT}/Target Support Files/Pods-uBlacklist for Safari/Pods-uBlacklist for Safari-frameworks-${CONFIGURATION}-output-files.xcfilelist",
			);
			runOnlyForDeploymentPostprocessing = 0;
			shellPath = /bin/sh;
			shellScript = "\"${PODS_ROOT}/Target Support Files/Pods-uBlacklist for Safari/Pods-uBlacklist for Safari-frameworks.sh\"\n";
			showEnvVarsInLog = 0;
		};
/* End PBXShellScriptBuildPhase section */

/* Begin PBXSourcesBuildPhase section */
		6A29DB8525A5B4E0004C85C8 /* Sources */ = {
			isa = PBXSourcesBuildPhase;
			buildActionMask = 2147483647;
			files = (
				6AE6479925CD026C005076E1 /* TableViewCell.swift in Sources */,
				6A7DF39F25A7F64B00EAC19B /* AboutViewController.swift in Sources */,
				6A7DF38D25A728B400EAC19B /* NSColor+Helper.swift in Sources */,
				6A29DB9325A5B4E0004C85C8 /* ViewController.swift in Sources */,
				6AD94C1525CBE7AC0082D100 /* PreviewViewController.swift in Sources */,
				6AD94C2625CBFDEE0082D100 /* TopBar.swift in Sources */,
				6A7DF38725A6E9A400EAC19B /* Constants.swift in Sources */,
				6A9E798825C3C2B4002477CB /* Helper.swift in Sources */,
				6AAADBFD25A6C5C300EFFEF3 /* MainWindowController.swift in Sources */,
				6A29DB8E25A5B4E0004C85C8 /* AppDelegate.swift in Sources */,
				6A9E798125C3BDAA002477CB /* MainViewController.swift in Sources */,
				6AE6479525CD0188005076E1 /* InfoViewController.swift in Sources */,
				6A37E8AF25C408EE0036D085 /* StepItemView.swift in Sources */,
			);
			runOnlyForDeploymentPostprocessing = 0;
		};
		6A29DB9725A5B4E1004C85C8 /* Sources */ = {
			isa = PBXSourcesBuildPhase;
			buildActionMask = 2147483647;
			files = (
				6A29DBA425A5B4E1004C85C8 /* SafariWebExtensionHandler.swift in Sources */,
			);
			runOnlyForDeploymentPostprocessing = 0;
		};
/* End PBXSourcesBuildPhase section */

/* Begin PBXTargetDependency section */
		6A29DB9E25A5B4E1004C85C8 /* PBXTargetDependency */ = {
			isa = PBXTargetDependency;
			target = 6A29DB9A25A5B4E1004C85C8 /* uBlacklist for Safari Extension */;
			targetProxy = 6A29DB9D25A5B4E1004C85C8 /* PBXContainerItemProxy */;
		};
/* End PBXTargetDependency section */

/* Begin PBXVariantGroup section */
		6A29DB8F25A5B4E0004C85C8 /* Main.storyboard */ = {
			isa = PBXVariantGroup;
			children = (
				6A29DB9025A5B4E0004C85C8 /* Base */,
				6A49754F25CA53E900BF8E57 /* zh-Hans */,
			);
			name = Main.storyboard;
			sourceTree = "<group>";
		};
		6A49755825CA55F600BF8E57 /* Localizable.strings */ = {
			isa = PBXVariantGroup;
			children = (
				6A49755725CA55F600BF8E57 /* en */,
				6A49755B25CA55FC00BF8E57 /* zh-Hans */,
			);
			name = Localizable.strings;
			sourceTree = "<group>";
		};
/* End PBXVariantGroup section */

/* Begin XCBuildConfiguration section */
		6A29DBA725A5B4E1004C85C8 /* Debug */ = {
			isa = XCBuildConfiguration;
			buildSettings = {
				ALWAYS_SEARCH_USER_PATHS = NO;
				CLANG_ANALYZER_LOCALIZABILITY_NONLOCALIZED = YES;
				CLANG_ANALYZER_NONNULL = YES;
				CLANG_ANALYZER_NUMBER_OBJECT_CONVERSION = YES_AGGRESSIVE;
				CLANG_CXX_LANGUAGE_STANDARD = "gnu++14";
				CLANG_CXX_LIBRARY = "libc++";
				CLANG_ENABLE_MODULES = YES;
				CLANG_ENABLE_OBJC_ARC = YES;
				CLANG_ENABLE_OBJC_WEAK = YES;
				CLANG_WARN_BLOCK_CAPTURE_AUTORELEASING = YES;
				CLANG_WARN_BOOL_CONVERSION = YES;
				CLANG_WARN_COMMA = YES;
				CLANG_WARN_CONSTANT_CONVERSION = YES;
				CLANG_WARN_DEPRECATED_OBJC_IMPLEMENTATIONS = YES;
				CLANG_WARN_DIRECT_OBJC_ISA_USAGE = YES_ERROR;
				CLANG_WARN_DOCUMENTATION_COMMENTS = YES;
				CLANG_WARN_EMPTY_BODY = YES;
				CLANG_WARN_ENUM_CONVERSION = YES;
				CLANG_WARN_INFINITE_RECURSION = YES;
				CLANG_WARN_INT_CONVERSION = YES;
				CLANG_WARN_NON_LITERAL_NULL_CONVERSION = YES;
				CLANG_WARN_OBJC_IMPLICIT_RETAIN_SELF = YES;
				CLANG_WARN_OBJC_LITERAL_CONVERSION = YES;
				CLANG_WARN_OBJC_ROOT_CLASS = YES_ERROR;
				CLANG_WARN_QUOTED_INCLUDE_IN_FRAMEWORK_HEADER = YES;
				CLANG_WARN_RANGE_LOOP_ANALYSIS = YES;
				CLANG_WARN_STRICT_PROTOTYPES = YES;
				CLANG_WARN_SUSPICIOUS_MOVE = YES;
				CLANG_WARN_UNGUARDED_AVAILABILITY = YES_AGGRESSIVE;
				CLANG_WARN_UNREACHABLE_CODE = YES;
				CLANG_WARN__DUPLICATE_METHOD_MATCH = YES;
				COPY_PHASE_STRIP = NO;
				DEBUG_INFORMATION_FORMAT = dwarf;
				ENABLE_STRICT_OBJC_MSGSEND = YES;
				ENABLE_TESTABILITY = YES;
				GCC_C_LANGUAGE_STANDARD = gnu11;
				GCC_DYNAMIC_NO_PIC = NO;
				GCC_NO_COMMON_BLOCKS = YES;
				GCC_OPTIMIZATION_LEVEL = 0;
				GCC_PREPROCESSOR_DEFINITIONS = (
					"DEBUG=1",
					"$(inherited)",
				);
				GCC_WARN_64_TO_32_BIT_CONVERSION = YES;
				GCC_WARN_ABOUT_RETURN_TYPE = YES_ERROR;
				GCC_WARN_UNDECLARED_SELECTOR = YES;
				GCC_WARN_UNINITIALIZED_AUTOS = YES_AGGRESSIVE;
				GCC_WARN_UNUSED_FUNCTION = YES;
				GCC_WARN_UNUSED_VARIABLE = YES;
				MACOSX_DEPLOYMENT_TARGET = 11.0;
				MTL_ENABLE_DEBUG_INFO = INCLUDE_SOURCE;
				MTL_FAST_MATH = YES;
				ONLY_ACTIVE_ARCH = YES;
				SDKROOT = macosx;
				SWIFT_ACTIVE_COMPILATION_CONDITIONS = DEBUG;
				SWIFT_OPTIMIZATION_LEVEL = "-Onone";
			};
			name = Debug;
		};
		6A29DBA825A5B4E1004C85C8 /* Release */ = {
			isa = XCBuildConfiguration;
			buildSettings = {
				ALWAYS_SEARCH_USER_PATHS = NO;
				CLANG_ANALYZER_LOCALIZABILITY_NONLOCALIZED = YES;
				CLANG_ANALYZER_NONNULL = YES;
				CLANG_ANALYZER_NUMBER_OBJECT_CONVERSION = YES_AGGRESSIVE;
				CLANG_CXX_LANGUAGE_STANDARD = "gnu++14";
				CLANG_CXX_LIBRARY = "libc++";
				CLANG_ENABLE_MODULES = YES;
				CLANG_ENABLE_OBJC_ARC = YES;
				CLANG_ENABLE_OBJC_WEAK = YES;
				CLANG_WARN_BLOCK_CAPTURE_AUTORELEASING = YES;
				CLANG_WARN_BOOL_CONVERSION = YES;
				CLANG_WARN_COMMA = YES;
				CLANG_WARN_CONSTANT_CONVERSION = YES;
				CLANG_WARN_DEPRECATED_OBJC_IMPLEMENTATIONS = YES;
				CLANG_WARN_DIRECT_OBJC_ISA_USAGE = YES_ERROR;
				CLANG_WARN_DOCUMENTATION_COMMENTS = YES;
				CLANG_WARN_EMPTY_BODY = YES;
				CLANG_WARN_ENUM_CONVERSION = YES;
				CLANG_WARN_INFINITE_RECURSION = YES;
				CLANG_WARN_INT_CONVERSION = YES;
				CLANG_WARN_NON_LITERAL_NULL_CONVERSION = YES;
				CLANG_WARN_OBJC_IMPLICIT_RETAIN_SELF = YES;
				CLANG_WARN_OBJC_LITERAL_CONVERSION = YES;
				CLANG_WARN_OBJC_ROOT_CLASS = YES_ERROR;
				CLANG_WARN_QUOTED_INCLUDE_IN_FRAMEWORK_HEADER = YES;
				CLANG_WARN_RANGE_LOOP_ANALYSIS = YES;
				CLANG_WARN_STRICT_PROTOTYPES = YES;
				CLANG_WARN_SUSPICIOUS_MOVE = YES;
				CLANG_WARN_UNGUARDED_AVAILABILITY = YES_AGGRESSIVE;
				CLANG_WARN_UNREACHABLE_CODE = YES;
				CLANG_WARN__DUPLICATE_METHOD_MATCH = YES;
				COPY_PHASE_STRIP = NO;
				DEBUG_INFORMATION_FORMAT = "dwarf-with-dsym";
				ENABLE_NS_ASSERTIONS = NO;
				ENABLE_STRICT_OBJC_MSGSEND = YES;
				GCC_C_LANGUAGE_STANDARD = gnu11;
				GCC_NO_COMMON_BLOCKS = YES;
				GCC_WARN_64_TO_32_BIT_CONVERSION = YES;
				GCC_WARN_ABOUT_RETURN_TYPE = YES_ERROR;
				GCC_WARN_UNDECLARED_SELECTOR = YES;
				GCC_WARN_UNINITIALIZED_AUTOS = YES_AGGRESSIVE;
				GCC_WARN_UNUSED_FUNCTION = YES;
				GCC_WARN_UNUSED_VARIABLE = YES;
				MACOSX_DEPLOYMENT_TARGET = 11.0;
				MTL_ENABLE_DEBUG_INFO = NO;
				MTL_FAST_MATH = YES;
				SDKROOT = macosx;
				SWIFT_COMPILATION_MODE = wholemodule;
				SWIFT_OPTIMIZATION_LEVEL = "-O";
			};
			name = Release;
		};
		6A29DBAA25A5B4E1004C85C8 /* Debug */ = {
			isa = XCBuildConfiguration;
			baseConfigurationReference = 56912DD879FC97121B678C13 /* Pods-uBlacklist for Safari Extension.debug.xcconfig */;
			buildSettings = {
				CODE_SIGN_ENTITLEMENTS = "uBlacklist for Safari Extension/uBlacklist_for_Safari_Extension.entitlements";
				CODE_SIGN_IDENTITY = "Apple Development";
				CODE_SIGN_STYLE = Automatic;
				CURRENT_PROJECT_VERSION = 9;
				DEVELOPMENT_TEAM = 43G9ZW34K3;
				ENABLE_HARDENED_RUNTIME = YES;
				INFOPLIST_FILE = "uBlacklist for Safari Extension/Info.plist";
				LD_RUNPATH_SEARCH_PATHS = (
					"$(inherited)",
					"@executable_path/../Frameworks",
					"@executable_path/../../../../Frameworks",
				);
				MACOSX_DEPLOYMENT_TARGET = 11.0;
				MARKETING_VERSION = 1.1.1;
				PRODUCT_BUNDLE_IDENTIFIER = "com.honeyluka.uBlacklist-for-Safari.Extension";
				PRODUCT_NAME = "$(TARGET_NAME)";
				PROVISIONING_PROFILE_SPECIFIER = "";
				SKIP_INSTALL = YES;
				SWIFT_VERSION = 5.0;
			};
			name = Debug;
		};
		6A29DBAB25A5B4E1004C85C8 /* Release */ = {
			isa = XCBuildConfiguration;
			baseConfigurationReference = A35293988A9C61B942402EE6 /* Pods-uBlacklist for Safari Extension.release.xcconfig */;
			buildSettings = {
				CODE_SIGN_ENTITLEMENTS = "uBlacklist for Safari Extension/uBlacklist_for_Safari_Extension.entitlements";
				CODE_SIGN_IDENTITY = "Apple Development";
				CODE_SIGN_STYLE = Automatic;
				CURRENT_PROJECT_VERSION = 9;
				DEVELOPMENT_TEAM = 43G9ZW34K3;
				ENABLE_HARDENED_RUNTIME = YES;
				INFOPLIST_FILE = "uBlacklist for Safari Extension/Info.plist";
				LD_RUNPATH_SEARCH_PATHS = (
					"$(inherited)",
					"@executable_path/../Frameworks",
					"@executable_path/../../../../Frameworks",
				);
				MACOSX_DEPLOYMENT_TARGET = 11.0;
				MARKETING_VERSION = 1.1.1;
				PRODUCT_BUNDLE_IDENTIFIER = "com.honeyluka.uBlacklist-for-Safari.Extension";
				PRODUCT_NAME = "$(TARGET_NAME)";
				PROVISIONING_PROFILE_SPECIFIER = "";
				SKIP_INSTALL = YES;
				SWIFT_VERSION = 5.0;
			};
			name = Release;
		};
		6A29DBAE25A5B4E1004C85C8 /* Debug */ = {
			isa = XCBuildConfiguration;
			baseConfigurationReference = 6272CE86263DEC457C9CE733 /* Pods-uBlacklist for Safari.debug.xcconfig */;
			buildSettings = {
				ALWAYS_EMBED_SWIFT_STANDARD_LIBRARIES = "$(inherited)";
				ASSETCATALOG_COMPILER_APPICON_NAME = AppIcon;
				ASSETCATALOG_COMPILER_GLOBAL_ACCENT_COLOR_NAME = AccentColor;
				CODE_SIGN_ENTITLEMENTS = "uBlacklist for Safari/uBlacklist_for_Safari.entitlements";
				CODE_SIGN_IDENTITY = "Apple Development";
				CODE_SIGN_STYLE = Automatic;
				COMBINE_HIDPI_IMAGES = YES;
				CURRENT_PROJECT_VERSION = 9;
				DEVELOPMENT_TEAM = 43G9ZW34K3;
				ENABLE_HARDENED_RUNTIME = YES;
				INFOPLIST_FILE = "uBlacklist for Safari/Info.plist";
				LD_RUNPATH_SEARCH_PATHS = (
					"$(inherited)",
					"@executable_path/../Frameworks",
				);
				MACOSX_DEPLOYMENT_TARGET = 11.0;
				MARKETING_VERSION = 1.1.1;
				PRODUCT_BUNDLE_IDENTIFIER = "com.honeyluka.uBlacklist-for-Safari";
				PRODUCT_NAME = "$(TARGET_NAME)";
				PROVISIONING_PROFILE_SPECIFIER = "";
				SWIFT_VERSION = 5.0;
			};
			name = Debug;
		};
		6A29DBAF25A5B4E1004C85C8 /* Release */ = {
			isa = XCBuildConfiguration;
			baseConfigurationReference = 4EEF433F931D92A24ABAF33D /* Pods-uBlacklist for Safari.release.xcconfig */;
			buildSettings = {
				ALWAYS_EMBED_SWIFT_STANDARD_LIBRARIES = "$(inherited)";
				ASSETCATALOG_COMPILER_APPICON_NAME = AppIcon;
				ASSETCATALOG_COMPILER_GLOBAL_ACCENT_COLOR_NAME = AccentColor;
				CODE_SIGN_ENTITLEMENTS = "uBlacklist for Safari/uBlacklist_for_Safari.entitlements";
				CODE_SIGN_IDENTITY = "Apple Development";
				CODE_SIGN_STYLE = Automatic;
				COMBINE_HIDPI_IMAGES = YES;
				CURRENT_PROJECT_VERSION = 9;
				DEVELOPMENT_TEAM = 43G9ZW34K3;
				ENABLE_HARDENED_RUNTIME = YES;
				INFOPLIST_FILE = "uBlacklist for Safari/Info.plist";
				LD_RUNPATH_SEARCH_PATHS = (
					"$(inherited)",
					"@executable_path/../Frameworks",
				);
				MACOSX_DEPLOYMENT_TARGET = 11.0;
				MARKETING_VERSION = 1.1.1;
				PRODUCT_BUNDLE_IDENTIFIER = "com.honeyluka.uBlacklist-for-Safari";
				PRODUCT_NAME = "$(TARGET_NAME)";
				PROVISIONING_PROFILE_SPECIFIER = "";
				SWIFT_VERSION = 5.0;
			};
			name = Release;
		};
/* End XCBuildConfiguration section */

/* Begin XCConfigurationList section */
		6A29DB8425A5B4E0004C85C8 /* Build configuration list for PBXProject "uBlacklist for Safari" */ = {
			isa = XCConfigurationList;
			buildConfigurations = (
				6A29DBA725A5B4E1004C85C8 /* Debug */,
				6A29DBA825A5B4E1004C85C8 /* Release */,
			);
			defaultConfigurationIsVisible = 0;
			defaultConfigurationName = Release;
		};
		6A29DBA925A5B4E1004C85C8 /* Build configuration list for PBXNativeTarget "uBlacklist for Safari Extension" */ = {
			isa = XCConfigurationList;
			buildConfigurations = (
				6A29DBAA25A5B4E1004C85C8 /* Debug */,
				6A29DBAB25A5B4E1004C85C8 /* Release */,
			);
			defaultConfigurationIsVisible = 0;
			defaultConfigurationName = Release;
		};
		6A29DBAD25A5B4E1004C85C8 /* Build configuration list for PBXNativeTarget "uBlacklist for Safari" */ = {
			isa = XCConfigurationList;
			buildConfigurations = (
				6A29DBAE25A5B4E1004C85C8 /* Debug */,
				6A29DBAF25A5B4E1004C85C8 /* Release */,
			);
			defaultConfigurationIsVisible = 0;
			defaultConfigurationName = Release;
		};
/* End XCConfigurationList section */
	};
	rootObject = 6A29DB8125A5B4E0004C85C8 /* Project object */;
}
