PODS:
  - RevenueCat (5.8.0)
  - SnapKit (5.0.1)
  - SVProgressHUD (2.3.1):
    - SVProgressHUD/Core (= 2.3.1)
  - SVProgressHUD/Core (2.3.1)

DEPENDENCIES:
  - RevenueCat
  - SnapKit (~> 5.0.0)
  - SVProgressHUD

SPEC REPOS:
  trunk:
    - RevenueCat
    - SnapKit
    - SVProgressHUD

SPEC CHECKSUMS:
  RevenueCat: 4cd1daad3a57d2b4015ed2b4aef0a0f24ffce0a1
  SnapKit: 97b92857e3df3a0c71833cce143274bf6ef8e5eb
  SVProgressHUD: 4837c74bdfe2e51e8821c397825996a8d7de6e22

PODFILE CHECKSUM: a91a21a4b0b778d4830102208c4c72182a135510

COCOAPODS: 1.16.2
